
Microsoft Visual Studio Solution File, Format Version 12.00
# Visual Studio Version 17
VisualStudioVersion = 17.2.32602.215
MinimumVisualStudioVersion = 10.0.40219.1
Project("{6EC3EE1D-3C4E-46DD-8F32-0CC8E7565705}") = "psyche", "psyche.fsproj", "{8F756286-8A00-4638-AA48-F656106AC191}"
EndProject
Project("{8BC9CEB8-8B4A-11D0-8D11-00A0C91BC942}") = "VM", "interp\VM\VM.vcxproj", "{7F7650BD-5A43-4F75-9F5C-B7509D0A0148}"
EndProject
Project("{8BC9CEB8-8B4A-11D0-8D11-00A0C91BC942}") = "Interp", "interp\Interp\Interp.vcxproj", "{659E5731-A047-4843-A2C4-CB62969E5EF6}"
	ProjectSection(ProjectDependencies) = postProject
		{7F7650BD-5A43-4F75-9F5C-B7509D0A0148} = {7F7650BD-5A43-4F75-9F5C-B7509D0A0148}
	EndProjectSection
EndProject
Project("{8BC9CEB8-8B4A-11D0-8D11-00A0C91BC942}") = "UnitTest", "interp\UnitTest\UnitTest.vcxproj", "{EF0635E1-876F-4D03-9C2D-DC3A4E1691A2}"
EndProject
Global
	GlobalSection(SolutionConfigurationPlatforms) = preSolution
		Debug|Any CPU = Debug|Any CPU
		Debug|x64 = Debug|x64
		Debug|x86 = Debug|x86
		Release|Any CPU = Release|Any CPU
		Release|x64 = Release|x64
		Release|x86 = Release|x86
	EndGlobalSection
	GlobalSection(ProjectConfigurationPlatforms) = postSolution
		{8F756286-8A00-4638-AA48-F656106AC191}.Debug|Any CPU.ActiveCfg = Debug|Any CPU
		{8F756286-8A00-4638-AA48-F656106AC191}.Debug|Any CPU.Build.0 = Debug|Any CPU
		{8F756286-8A00-4638-AA48-F656106AC191}.Debug|x64.ActiveCfg = Debug|Any CPU
		{8F756286-8A00-4638-AA48-F656106AC191}.Debug|x64.Build.0 = Debug|Any CPU
		{8F756286-8A00-4638-AA48-F656106AC191}.Debug|x86.ActiveCfg = Debug|Any CPU
		{8F756286-8A00-4638-AA48-F656106AC191}.Debug|x86.Build.0 = Debug|Any CPU
		{8F756286-8A00-4638-AA48-F656106AC191}.Release|Any CPU.ActiveCfg = Release|Any CPU
		{8F756286-8A00-4638-AA48-F656106AC191}.Release|Any CPU.Build.0 = Release|Any CPU
		{8F756286-8A00-4638-AA48-F656106AC191}.Release|x64.ActiveCfg = Release|Any CPU
		{8F756286-8A00-4638-AA48-F656106AC191}.Release|x64.Build.0 = Release|Any CPU
		{8F756286-8A00-4638-AA48-F656106AC191}.Release|x86.ActiveCfg = Release|Any CPU
		{8F756286-8A00-4638-AA48-F656106AC191}.Release|x86.Build.0 = Release|Any CPU
		{7F7650BD-5A43-4F75-9F5C-B7509D0A0148}.Debug|Any CPU.ActiveCfg = Debug|x64
		{7F7650BD-5A43-4F75-9F5C-B7509D0A0148}.Debug|Any CPU.Build.0 = Debug|x64
		{7F7650BD-5A43-4F75-9F5C-B7509D0A0148}.Debug|x64.ActiveCfg = Debug|x64
		{7F7650BD-5A43-4F75-9F5C-B7509D0A0148}.Debug|x64.Build.0 = Debug|x64
		{7F7650BD-5A43-4F75-9F5C-B7509D0A0148}.Debug|x86.ActiveCfg = Debug|Win32
		{7F7650BD-5A43-4F75-9F5C-B7509D0A0148}.Debug|x86.Build.0 = Debug|Win32
		{7F7650BD-5A43-4F75-9F5C-B7509D0A0148}.Release|Any CPU.ActiveCfg = Release|x64
		{7F7650BD-5A43-4F75-9F5C-B7509D0A0148}.Release|Any CPU.Build.0 = Release|x64
		{7F7650BD-5A43-4F75-9F5C-B7509D0A0148}.Release|x64.ActiveCfg = Release|x64
		{7F7650BD-5A43-4F75-9F5C-B7509D0A0148}.Release|x64.Build.0 = Release|x64
		{7F7650BD-5A43-4F75-9F5C-B7509D0A0148}.Release|x86.ActiveCfg = Release|Win32
		{7F7650BD-5A43-4F75-9F5C-B7509D0A0148}.Release|x86.Build.0 = Release|Win32
		{659E5731-A047-4843-A2C4-CB62969E5EF6}.Debug|Any CPU.ActiveCfg = Debug|x64
		{659E5731-A047-4843-A2C4-CB62969E5EF6}.Debug|Any CPU.Build.0 = Debug|x64
		{659E5731-A047-4843-A2C4-CB62969E5EF6}.Debug|x64.ActiveCfg = Debug|x64
		{659E5731-A047-4843-A2C4-CB62969E5EF6}.Debug|x64.Build.0 = Debug|x64
		{659E5731-A047-4843-A2C4-CB62969E5EF6}.Debug|x86.ActiveCfg = Debug|x64
		{659E5731-A047-4843-A2C4-CB62969E5EF6}.Debug|x86.Build.0 = Debug|x64
		{659E5731-A047-4843-A2C4-CB62969E5EF6}.Release|Any CPU.ActiveCfg = Release|x64
		{659E5731-A047-4843-A2C4-CB62969E5EF6}.Release|Any CPU.Build.0 = Release|x64
		{659E5731-A047-4843-A2C4-CB62969E5EF6}.Release|x64.ActiveCfg = Release|x64
		{659E5731-A047-4843-A2C4-CB62969E5EF6}.Release|x64.Build.0 = Release|x64
		{659E5731-A047-4843-A2C4-CB62969E5EF6}.Release|x86.ActiveCfg = Release|x64
		{659E5731-A047-4843-A2C4-CB62969E5EF6}.Release|x86.Build.0 = Release|x64
		{EF0635E1-876F-4D03-9C2D-DC3A4E1691A2}.Debug|Any CPU.ActiveCfg = Debug|x64
		{EF0635E1-876F-4D03-9C2D-DC3A4E1691A2}.Debug|Any CPU.Build.0 = Debug|x64
		{EF0635E1-876F-4D03-9C2D-DC3A4E1691A2}.Debug|x64.ActiveCfg = Debug|x64
		{EF0635E1-876F-4D03-9C2D-DC3A4E1691A2}.Debug|x64.Build.0 = Debug|x64
		{EF0635E1-876F-4D03-9C2D-DC3A4E1691A2}.Debug|x86.ActiveCfg = Debug|Win32
		{EF0635E1-876F-4D03-9C2D-DC3A4E1691A2}.Debug|x86.Build.0 = Debug|Win32
		{EF0635E1-876F-4D03-9C2D-DC3A4E1691A2}.Release|Any CPU.ActiveCfg = Release|x64
		{EF0635E1-876F-4D03-9C2D-DC3A4E1691A2}.Release|Any CPU.Build.0 = Release|x64
		{EF0635E1-876F-4D03-9C2D-DC3A4E1691A2}.Release|x64.ActiveCfg = Release|x64
		{EF0635E1-876F-4D03-9C2D-DC3A4E1691A2}.Release|x64.Build.0 = Release|x64
		{EF0635E1-876F-4D03-9C2D-DC3A4E1691A2}.Release|x86.ActiveCfg = Release|Win32
		{EF0635E1-876F-4D03-9C2D-DC3A4E1691A2}.Release|x86.Build.0 = Release|Win32
	EndGlobalSection
	GlobalSection(SolutionProperties) = preSolution
		HideSolutionNode = FALSE
	EndGlobalSection
	GlobalSection(ExtensibilityGlobals) = postSolution
		SolutionGuid = {65EAD2C4-8693-4118-95B1-3E4131160610}
	EndGlobalSection
EndGlobal
