<?xml version="1.0" encoding="utf-8"?>
<Project ToolsVersion="4.0" xmlns="http://schemas.microsoft.com/developer/msbuild/2003">
  <ItemGroup>
    <Filter Include="ソース ファイル">
      <UniqueIdentifier>{4FC737F1-C7A5-4376-A066-2A32D752A2FF}</UniqueIdentifier>
      <Extensions>cpp;c;cc;cxx;c++;cppm;ixx;def;odl;idl;hpj;bat;asm;asmx</Extensions>
    </Filter>
    <Filter Include="ヘッダー ファイル">
      <UniqueIdentifier>{93995380-89BD-4b04-88EB-625FBE52EBFB}</UniqueIdentifier>
      <Extensions>h;hh;hpp;hxx;h++;hm;inl;inc;ipp;xsd</Extensions>
    </Filter>
    <Filter Include="リソース ファイル">
      <UniqueIdentifier>{67DA6AB6-F800-4c08-8B7A-83BB121AAD01}</UniqueIdentifier>
      <Extensions>rc;ico;cur;bmp;dlg;rc2;rct;bin;rgs;gif;jpg;jpeg;jpe;resx;tiff;tif;png;wav;mfcribbon-ms</Extensions>
    </Filter>
    <Filter Include="ソース ファイル\dumpChunk">
      <UniqueIdentifier>{b84ce2e5-f183-400e-aa4f-5cd37621d7ae}</UniqueIdentifier>
    </Filter>
    <Filter Include="ヘッダー ファイル\dumpChunk">
      <UniqueIdentifier>{2d4099bb-da8c-40bc-926c-cecf37fb6bda}</UniqueIdentifier>
    </Filter>
  </ItemGroup>
  <ItemGroup>
    <ClCompile Include="chunk.c">
      <Filter>ソース ファイル</Filter>
    </ClCompile>
    <ClCompile Include="debug.c">
      <Filter>ソース ファイル</Filter>
    </ClCompile>
    <ClCompile Include="memory.c">
      <Filter>ソース ファイル</Filter>
    </ClCompile>
    <ClCompile Include="value.c">
      <Filter>ソース ファイル</Filter>
    </ClCompile>
    <ClCompile Include="vm.c">
      <Filter>ソース ファイル</Filter>
    </ClCompile>
    <ClCompile Include="dumpChunk.c">
      <Filter>ソース ファイル</Filter>
    </ClCompile>
    <ClCompile Include="dumpChunk\line.c">
      <Filter>ソース ファイル\dumpChunk</Filter>
    </ClCompile>
    <ClCompile Include="dumpChunk\lineList.c">
      <Filter>ソース ファイル\dumpChunk</Filter>
    </ClCompile>
    <ClCompile Include="dumpChunk\inst.c">
      <Filter>ソース ファイル\dumpChunk</Filter>
    </ClCompile>
  </ItemGroup>
  <ItemGroup>
    <ClInclude Include="chunk.h">
      <Filter>ヘッダー ファイル</Filter>
    </ClInclude>
    <ClInclude Include="common.h">
      <Filter>ヘッダー ファイル</Filter>
    </ClInclude>
    <ClInclude Include="debug.h">
      <Filter>ヘッダー ファイル</Filter>
    </ClInclude>
    <ClInclude Include="memory.h">
      <Filter>ヘッダー ファイル</Filter>
    </ClInclude>
    <ClInclude Include="value.h">
      <Filter>ヘッダー ファイル</Filter>
    </ClInclude>
    <ClInclude Include="vm.h">
      <Filter>ヘッダー ファイル</Filter>
    </ClInclude>
    <ClInclude Include="dumpChunk.h">
      <Filter>ヘッダー ファイル</Filter>
    </ClInclude>
    <ClInclude Include="dumpChunk\line.h">
      <Filter>ヘッダー ファイル\dumpChunk</Filter>
    </ClInclude>
    <ClInclude Include="dumpChunk\lineList.h">
      <Filter>ヘッダー ファイル\dumpChunk</Filter>
    </ClInclude>
    <ClInclude Include="error.h">
      <Filter>ヘッダー ファイル</Filter>
    </ClInclude>
    <ClInclude Include="dumpChunk\inst.h">
      <Filter>ヘッダー ファイル\dumpChunk</Filter>
    </ClInclude>
  </ItemGroup>
</Project>
